// !$*UTF8*$!
{
	archiveVersion = 1;
	classes = {
	};
	objectVersion = 46;
	objects = {

/* Begin PBXBuildFile section */
		F5EF489A1D8B899C00388199 /* AppDelegate.swift in Sources */ = {isa = PBXBuildFile; fileRef = F5EF48991D8B899C00388199 /* AppDelegate.swift */; };
		F5EF489F1D8B899C00388199 /* Main.storyboard in Resources */ = {isa = PBXBuildFile; fileRef = F5EF489D1D8B899C00388199 /* Main.storyboard */; };
		F5EF48A11D8B899C00388199 /* Assets.xcassets in Resources */ = {isa = PBXBuildFile; fileRef = F5EF48A01D8B899C00388199 /* Assets.xcassets */; };
		F5EF48A41D8B899C00388199 /* LaunchScreen.storyboard in Resources */ = {isa = PBXBuildFile; fileRef = F5EF48A21D8B899C00388199 /* LaunchScreen.storyboard */; };
		F5EF48AC1D8B8B3A00388199 /* ViewBooks.swift in Sources */ = {isa = PBXBuildFile; fileRef = F5EF48AB1D8B8B3A00388199 /* ViewBooks.swift */; };
		F5EF48D51D8B8C8F00388199 /* doc.png in Resources */ = {isa = PBXBuildFile; fileRef = F5EF48AE1D8B8C8F00388199 /* doc.png */; };
		F5EF48D61D8B8C8F00388199 /* coexistcrane.docx in Resources */ = {isa = PBXBuildFile; fileRef = F5EF48B01D8B8C8F00388199 /* coexistcrane.docx */; };
		F5EF48D71D8B8C8F00388199 /* coexistcrane.jpg in Resources */ = {isa = PBXBuildFile; fileRef = F5EF48B11D8B8C8F00388199 /* coexistcrane.jpg */; };
		F5EF48D81D8B8C8F00388199 /* darkkisssylviaday.docx in Resources */ = {isa = PBXBuildFile; fileRef = F5EF48B21D8B8C8F00388199 /* darkkisssylviaday.docx */; };
		F5EF48D91D8B8C8F00388199 /* darkkisssylviaday.jpg in Resources */ = {isa = PBXBuildFile; fileRef = F5EF48B31D8B8C8F00388199 /* darkkisssylviaday.jpg */; };
		F5EF48DA1D8B8C8F00388199 /* isthislove.docx in Resources */ = {isa = PBXBuildFile; fileRef = F5EF48B41D8B8C8F00388199 /* isthislove.docx */; };
		F5EF48DB1D8B8C8F00388199 /* isthislove.jpg in Resources */ = {isa = PBXBuildFile; fileRef = F5EF48B51D8B8C8F00388199 /* isthislove.jpg */; };
		F5EF48DC1D8B8C8F00388199 /* lovelikethishubbard.docx in Resources */ = {isa = PBXBuildFile; fileRef = F5EF48B61D8B8C8F00388199 /* lovelikethishubbard.docx */; };
		F5EF48DD1D8B8C8F00388199 /* lovelikethishubbard.jpg in Resources */ = {isa = PBXBuildFile; fileRef = F5EF48B71D8B8C8F00388199 /* lovelikethishubbard.jpg */; };
		F5EF48DE1D8B8C8F00388199 /* lumberlacewards.docx in Resources */ = {isa = PBXBuildFile; fileRef = F5EF48B81D8B8C8F00388199 /* lumberlacewards.docx */; };
		F5EF48DF1D8B8C8F00388199 /* lumberlacewards.jpg in Resources */ = {isa = PBXBuildFile; fileRef = F5EF48B91D8B8C8F00388199 /* lumberlacewards.jpg */; };
		F5EF48E01D8B8C8F00388199 /* Lập trình iOS Objective-C.html in Resources */ = {isa = PBXBuildFile; fileRef = F5EF48BB1D8B8C8F00388199 /* Lập trình iOS Objective-C.html */; };
		F5EF48E11D8B8C8F00388199 /* Lập trình iOS Objective-C.jpg in Resources */ = {isa = PBXBuildFile; fileRef = F5EF48BC1D8B8C8F00388199 /* Lập trình iOS Objective-C.jpg */; };
		F5EF48E21D8B8C8F00388199 /* html.png in Resources */ = {isa = PBXBuildFile; fileRef = F5EF48BD1D8B8C8F00388199 /* html.png */; };
		F5EF48E31D8B8C8F00388199 /* abrieferhistory.jpg in Resources */ = {isa = PBXBuildFile; fileRef = F5EF48BF1D8B8C8F00388199 /* abrieferhistory.jpg */; };
		F5EF48E41D8B8C8F00388199 /* abrieferhistory.pdf in Resources */ = {isa = PBXBuildFile; fileRef = F5EF48C01D8B8C8F00388199 /* abrieferhistory.pdf */; };
		F5EF48E51D8B8C8F00388199 /* aspoofonsexdonwireman.jpg in Resources */ = {isa = PBXBuildFile; fileRef = F5EF48C11D8B8C8F00388199 /* aspoofonsexdonwireman.jpg */; };
		F5EF48E61D8B8C8F00388199 /* aspoofonsexdonwireman.pdf in Resources */ = {isa = PBXBuildFile; fileRef = F5EF48C21D8B8C8F00388199 /* aspoofonsexdonwireman.pdf */; };
		F5EF48E71D8B8C8F00388199 /* barrysworldjenvey.jpg in Resources */ = {isa = PBXBuildFile; fileRef = F5EF48C31D8B8C8F00388199 /* barrysworldjenvey.jpg */; };
		F5EF48E81D8B8C8F00388199 /* barrysworldjenvey.pdf in Resources */ = {isa = PBXBuildFile; fileRef = F5EF48C41D8B8C8F00388199 /* barrysworldjenvey.pdf */; };
		F5EF48E91D8B8C8F00388199 /* foreigneduwilliam.jpg in Resources */ = {isa = PBXBuildFile; fileRef = F5EF48C51D8B8C8F00388199 /* foreigneduwilliam.jpg */; };
		F5EF48EA1D8B8C8F00388199 /* foreigneduwilliam.pdf in Resources */ = {isa = PBXBuildFile; fileRef = F5EF48C61D8B8C8F00388199 /* foreigneduwilliam.pdf */; };
		F5EF48EB1D8B8C8F00388199 /* gonewithtrash.jpg in Resources */ = {isa = PBXBuildFile; fileRef = F5EF48C71D8B8C8F00388199 /* gonewithtrash.jpg */; };
		F5EF48EC1D8B8C8F00388199 /* gonewithtrash.pdf in Resources */ = {isa = PBXBuildFile; fileRef = F5EF48C81D8B8C8F00388199 /* gonewithtrash.pdf */; };
		F5EF48ED1D8B8C8F00388199 /* gospelbuckydennis.jpg in Resources */ = {isa = PBXBuildFile; fileRef = F5EF48C91D8B8C8F00388199 /* gospelbuckydennis.jpg */; };
		F5EF48EE1D8B8C8F00388199 /* gospelbuckydennis.pdf in Resources */ = {isa = PBXBuildFile; fileRef = F5EF48CA1D8B8C8F00388199 /* gospelbuckydennis.pdf */; };
		F5EF48EF1D8B8C8F00388199 /* oddjobsbowling.jpg in Resources */ = {isa = PBXBuildFile; fileRef = F5EF48CB1D8B8C8F00388199 /* oddjobsbowling.jpg */; };
		F5EF48F01D8B8C8F00388199 /* oddjobsbowling.pdf in Resources */ = {isa = PBXBuildFile; fileRef = F5EF48CC1D8B8C8F00388199 /* oddjobsbowling.pdf */; };
		F5EF48F11D8B8C8F00388199 /* oneclownshortwright.jpg in Resources */ = {isa = PBXBuildFile; fileRef = F5EF48CD1D8B8C8F00388199 /* oneclownshortwright.jpg */; };
		F5EF48F21D8B8C8F00388199 /* oneclownshortwright.pdf in Resources */ = {isa = PBXBuildFile; fileRef = F5EF48CE1D8B8C8F00388199 /* oneclownshortwright.pdf */; };
		F5EF48F31D8B8C8F00388199 /* questingromana.jpg in Resources */ = {isa = PBXBuildFile; fileRef = F5EF48CF1D8B8C8F00388199 /* questingromana.jpg */; };
		F5EF48F41D8B8C8F00388199 /* questingromana.pdf in Resources */ = {isa = PBXBuildFile; fileRef = F5EF48D01D8B8C8F00388199 /* questingromana.pdf */; };
		F5EF48F51D8B8C8F00388199 /* thedistancetravelled.jpg in Resources */ = {isa = PBXBuildFile; fileRef = F5EF48D11D8B8C8F00388199 /* thedistancetravelled.jpg */; };
		F5EF48F61D8B8C8F00388199 /* thedistancetravelled.pdf in Resources */ = {isa = PBXBuildFile; fileRef = F5EF48D21D8B8C8F00388199 /* thedistancetravelled.pdf */; };
		F5EF48F71D8B8C8F00388199 /* pdf.png in Resources */ = {isa = PBXBuildFile; fileRef = F5EF48D31D8B8C8F00388199 /* pdf.png */; };
		F5EF48F81D8B8C8F00388199 /* web.png in Resources */ = {isa = PBXBuildFile; fileRef = F5EF48D41D8B8C8F00388199 /* web.png */; };
		F5EF48FC1D8B905200388199 /* ACellBook.swift in Sources */ = {isa = PBXBuildFile; fileRef = F5EF48FB1D8B905200388199 /* ACellBook.swift */; };
		F5EF48FE1D8BA39B00388199 /* DetailBooks.swift in Sources */ = {isa = PBXBuildFile; fileRef = F5EF48FD1D8BA39B00388199 /* DetailBooks.swift */; };
		F5EF49021D8BB20C00388199 /* LoadURL.swift in Sources */ = {isa = PBXBuildFile; fileRef = F5EF49011D8BB20C00388199 /* LoadURL.swift */; };
		F5EF490C1D8BE92F00388199 /* back.png in Resources */ = {isa = PBXBuildFile; fileRef = F5EF49091D8BE92F00388199 /* back.png */; };
		F5EF490D1D8BE92F00388199 /* forward.png in Resources */ = {isa = PBXBuildFile; fileRef = F5EF490A1D8BE92F00388199 /* forward.png */; };
		F5EF490E1D8BE92F00388199 /* reload.png in Resources */ = {isa = PBXBuildFile; fileRef = F5EF490B1D8BE92F00388199 /* reload.png */; };
/* End PBXBuildFile section */

/* Begin PBXFileReference section */
		F5EF48961D8B899C00388199 /* DemoUIWebView.app */ = {isa = PBXFileReference; explicitFileType = wrapper.application; includeInIndex = 0; path = DemoUIWebView.app; sourceTree = BUILT_PRODUCTS_DIR; };
		F5EF48991D8B899C00388199 /* AppDelegate.swift */ = {isa = PBXFileReference; lastKnownFileType = sourcecode.swift; path = AppDelegate.swift; sourceTree = "<group>"; };
		F5EF489E1D8B899C00388199 /* Base */ = {isa = PBXFileReference; lastKnownFileType = file.storyboard; name = Base; path = Base.lproj/Main.storyboard; sourceTree = "<group>"; };
		F5EF48A01D8B899C00388199 /* Assets.xcassets */ = {isa = PBXFileReference; lastKnownFileType = folder.assetcatalog; path = Assets.xcassets; sourceTree = "<group>"; };
		F5EF48A31D8B899C00388199 /* Base */ = {isa = PBXFileReference; lastKnownFileType = file.storyboard; name = Base; path = Base.lproj/LaunchScreen.storyboard; sourceTree = "<group>"; };
		F5EF48A51D8B899C00388199 /* Info.plist */ = {isa = PBXFileReference; lastKnownFileType = text.plist.xml; path = Info.plist; sourceTree = "<group>"; };
		F5EF48AB1D8B8B3A00388199 /* ViewBooks.swift */ = {isa = PBXFileReference; fileEncoding = 4; lastKnownFileType = sourcecode.swift; path = ViewBooks.swift; sourceTree = "<group>"; };
		F5EF48AE1D8B8C8F00388199 /* doc.png */ = {isa = PBXFileReference; lastKnownFileType = image.png; path = doc.png; sourceTree = "<group>"; };
		F5EF48B01D8B8C8F00388199 /* coexistcrane.docx */ = {isa = PBXFileReference; lastKnownFileType = file; path = coexistcrane.docx; sourceTree = "<group>"; };
		F5EF48B11D8B8C8F00388199 /* coexistcrane.jpg */ = {isa = PBXFileReference; lastKnownFileType = image.jpeg; path = coexistcrane.jpg; sourceTree = "<group>"; };
		F5EF48B21D8B8C8F00388199 /* darkkisssylviaday.docx */ = {isa = PBXFileReference; lastKnownFileType = file; path = darkkisssylviaday.docx; sourceTree = "<group>"; };
		F5EF48B31D8B8C8F00388199 /* darkkisssylviaday.jpg */ = {isa = PBXFileReference; lastKnownFileType = image.jpeg; path = darkkisssylviaday.jpg; sourceTree = "<group>"; };
		F5EF48B41D8B8C8F00388199 /* isthislove.docx */ = {isa = PBXFileReference; lastKnownFileType = file; path = isthislove.docx; sourceTree = "<group>"; };
		F5EF48B51D8B8C8F00388199 /* isthislove.jpg */ = {isa = PBXFileReference; lastKnownFileType = image.jpeg; path = isthislove.jpg; sourceTree = "<group>"; };
		F5EF48B61D8B8C8F00388199 /* lovelikethishubbard.docx */ = {isa = PBXFileReference; lastKnownFileType = file; path = lovelikethishubbard.docx; sourceTree = "<group>"; };
		F5EF48B71D8B8C8F00388199 /* lovelikethishubbard.jpg */ = {isa = PBXFileReference; lastKnownFileType = image.jpeg; path = lovelikethishubbard.jpg; sourceTree = "<group>"; };
		F5EF48B81D8B8C8F00388199 /* lumberlacewards.docx */ = {isa = PBXFileReference; lastKnownFileType = file; path = lumberlacewards.docx; sourceTree = "<group>"; };
		F5EF48B91D8B8C8F00388199 /* lumberlacewards.jpg */ = {isa = PBXFileReference; lastKnownFileType = image.jpeg; path = lumberlacewards.jpg; sourceTree = "<group>"; };
		F5EF48BB1D8B8C8F00388199 /* Lập trình iOS Objective-C.html */ = {isa = PBXFileReference; fileEncoding = 4; lastKnownFileType = text.html; path = "Lập trình iOS Objective-C.html"; sourceTree = "<group>"; };
		F5EF48BC1D8B8C8F00388199 /* Lập trình iOS Objective-C.jpg */ = {isa = PBXFileReference; lastKnownFileType = image.jpeg; path = "Lập trình iOS Objective-C.jpg"; sourceTree = "<group>"; };
		F5EF48BD1D8B8C8F00388199 /* html.png */ = {isa = PBXFileReference; lastKnownFileType = image.png; path = html.png; sourceTree = "<group>"; };
		F5EF48BF1D8B8C8F00388199 /* abrieferhistory.jpg */ = {isa = PBXFileReference; lastKnownFileType = image.jpeg; path = abrieferhistory.jpg; sourceTree = "<group>"; };
		F5EF48C01D8B8C8F00388199 /* abrieferhistory.pdf */ = {isa = PBXFileReference; lastKnownFileType = image.pdf; path = abrieferhistory.pdf; sourceTree = "<group>"; };
		F5EF48C11D8B8C8F00388199 /* aspoofonsexdonwireman.jpg */ = {isa = PBXFileReference; lastKnownFileType = image.jpeg; path = aspoofonsexdonwireman.jpg; sourceTree = "<group>"; };
		F5EF48C21D8B8C8F00388199 /* aspoofonsexdonwireman.pdf */ = {isa = PBXFileReference; lastKnownFileType = image.pdf; path = aspoofonsexdonwireman.pdf; sourceTree = "<group>"; };
		F5EF48C31D8B8C8F00388199 /* barrysworldjenvey.jpg */ = {isa = PBXFileReference; lastKnownFileType = image.jpeg; path = barrysworldjenvey.jpg; sourceTree = "<group>"; };
		F5EF48C41D8B8C8F00388199 /* barrysworldjenvey.pdf */ = {isa = PBXFileReference; lastKnownFileType = image.pdf; path = barrysworldjenvey.pdf; sourceTree = "<group>"; };
		F5EF48C51D8B8C8F00388199 /* foreigneduwilliam.jpg */ = {isa = PBXFileReference; lastKnownFileType = image.jpeg; path = foreigneduwilliam.jpg; sourceTree = "<group>"; };
		F5EF48C61D8B8C8F00388199 /* foreigneduwilliam.pdf */ = {isa = PBXFileReference; lastKnownFileType = image.pdf; path = foreigneduwilliam.pdf; sourceTree = "<group>"; };
		F5EF48C71D8B8C8F00388199 /* gonewithtrash.jpg */ = {isa = PBXFileReference; lastKnownFileType = image.jpeg; path = gonewithtrash.jpg; sourceTree = "<group>"; };
		F5EF48C81D8B8C8F00388199 /* gonewithtrash.pdf */ = {isa = PBXFileReference; lastKnownFileType = image.pdf; path = gonewithtrash.pdf; sourceTree = "<group>"; };
		F5EF48C91D8B8C8F00388199 /* gospelbuckydennis.jpg */ = {isa = PBXFileReference; lastKnownFileType = image.jpeg; path = gospelbuckydennis.jpg; sourceTree = "<group>"; };
		F5EF48CA1D8B8C8F00388199 /* gospelbuckydennis.pdf */ = {isa = PBXFileReference; lastKnownFileType = image.pdf; path = gospelbuckydennis.pdf; sourceTree = "<group>"; };
		F5EF48CB1D8B8C8F00388199 /* oddjobsbowling.jpg */ = {isa = PBXFileReference; lastKnownFileType = image.jpeg; path = oddjobsbowling.jpg; sourceTree = "<group>"; };
		F5EF48CC1D8B8C8F00388199 /* oddjobsbowling.pdf */ = {isa = PBXFileReference; lastKnownFileType = image.pdf; path = oddjobsbowling.pdf; sourceTree = "<group>"; };
		F5EF48CD1D8B8C8F00388199 /* oneclownshortwright.jpg */ = {isa = PBXFileReference; lastKnownFileType = image.jpeg; path = oneclownshortwright.jpg; sourceTree = "<group>"; };
		F5EF48CE1D8B8C8F00388199 /* oneclownshortwright.pdf */ = {isa = PBXFileReference; lastKnownFileType = image.pdf; path = oneclownshortwright.pdf; sourceTree = "<group>"; };
		F5EF48CF1D8B8C8F00388199 /* questingromana.jpg */ = {isa = PBXFileReference; lastKnownFileType = image.jpeg; path = questingromana.jpg; sourceTree = "<group>"; };
		F5EF48D01D8B8C8F00388199 /* questingromana.pdf */ = {isa = PBXFileReference; lastKnownFileType = image.pdf; path = questingromana.pdf; sourceTree = "<group>"; };
		F5EF48D11D8B8C8F00388199 /* thedistancetravelled.jpg */ = {isa = PBXFileReference; lastKnownFileType = image.jpeg; path = thedistancetravelled.jpg; sourceTree = "<group>"; };
		F5EF48D21D8B8C8F00388199 /* thedistancetravelled.pdf */ = {isa = PBXFileReference; lastKnownFileType = image.pdf; path = thedistancetravelled.pdf; sourceTree = "<group>"; };
		F5EF48D31D8B8C8F00388199 /* pdf.png */ = {isa = PBXFileReference; lastKnownFileType = image.png; path = pdf.png; sourceTree = "<group>"; };
		F5EF48D41D8B8C8F00388199 /* web.png */ = {isa = PBXFileReference; lastKnownFileType = image.png; path = web.png; sourceTree = "<group>"; };
		F5EF48FB1D8B905200388199 /* ACellBook.swift */ = {isa = PBXFileReference; fileEncoding = 4; lastKnownFileType = sourcecode.swift; path = ACellBook.swift; sourceTree = "<group>"; };
		F5EF48FD1D8BA39B00388199 /* DetailBooks.swift */ = {isa = PBXFileReference; fileEncoding = 4; lastKnownFileType = sourcecode.swift; path = DetailBooks.swift; sourceTree = "<group>"; };
		F5EF49011D8BB20C00388199 /* LoadURL.swift */ = {isa = PBXFileReference; fileEncoding = 4; lastKnownFileType = sourcecode.swift; path = LoadURL.swift; sourceTree = "<group>"; };
		F5EF49091D8BE92F00388199 /* back.png */ = {isa = PBXFileReference; lastKnownFileType = image.png; path = back.png; sourceTree = "<group>"; };
		F5EF490A1D8BE92F00388199 /* forward.png */ = {isa = PBXFileReference; lastKnownFileType = image.png; path = forward.png; sourceTree = "<group>"; };
		F5EF490B1D8BE92F00388199 /* reload.png */ = {isa = PBXFileReference; lastKnownFileType = image.png; path = reload.png; sourceTree = "<group>"; };
/* End PBXFileReference section */

/* Begin PBXFrameworksBuildPhase section */
		F5EF48931D8B899C00388199 /* Frameworks */ = {
			isa = PBXFrameworksBuildPhase;
			buildActionMask = 2147483647;
			files = (
			);
			runOnlyForDeploymentPostprocessing = 0;
		};
/* End PBXFrameworksBuildPhase section */

/* Begin PBXGroup section */
		F5EF488D1D8B899C00388199 = {
			isa = PBXGroup;
			children = (
				F5EF48981D8B899C00388199 /* DemoUIWebView */,
				F5EF48971D8B899C00388199 /* Products */,
			);
			sourceTree = "<group>";
		};
		F5EF48971D8B899C00388199 /* Products */ = {
			isa = PBXGroup;
			children = (
				F5EF48961D8B899C00388199 /* DemoUIWebView.app */,
			);
			name = Products;
			sourceTree = "<group>";
		};
		F5EF48981D8B899C00388199 /* DemoUIWebView */ = {
			isa = PBXGroup;
			children = (
				F5EF49001D8BB1E400388199 /* LoadURL */,
				F5EF48FA1D8B901500388199 /* Home */,
				F5EF48AD1D8B8C8F00388199 /* Source */,
				F5EF48991D8B899C00388199 /* AppDelegate.swift */,
				F5EF489D1D8B899C00388199 /* Main.storyboard */,
				F5EF48A01D8B899C00388199 /* Assets.xcassets */,
				F5EF48A21D8B899C00388199 /* LaunchScreen.storyboard */,
				F5EF48A51D8B899C00388199 /* Info.plist */,
			);
			path = DemoUIWebView;
			sourceTree = "<group>";
		};
		F5EF48AD1D8B8C8F00388199 /* Source */ = {
			isa = PBXGroup;
			children = (
				F5EF48F91D8B8D2600388199 /* ICONS */,
				F5EF48AF1D8B8C8F00388199 /* DOCX */,
				F5EF48BA1D8B8C8F00388199 /* HTML */,
				F5EF48BE1D8B8C8F00388199 /* PDF */,
			);
			path = Source;
			sourceTree = "<group>";
		};
		F5EF48AF1D8B8C8F00388199 /* DOCX */ = {
			isa = PBXGroup;
			children = (
				F5EF48B01D8B8C8F00388199 /* coexistcrane.docx */,
				F5EF48B11D8B8C8F00388199 /* coexistcrane.jpg */,
				F5EF48B21D8B8C8F00388199 /* darkkisssylviaday.docx */,
				F5EF48B31D8B8C8F00388199 /* darkkisssylviaday.jpg */,
				F5EF48B41D8B8C8F00388199 /* isthislove.docx */,
				F5EF48B51D8B8C8F00388199 /* isthislove.jpg */,
				F5EF48B61D8B8C8F00388199 /* lovelikethishubbard.docx */,
				F5EF48B71D8B8C8F00388199 /* lovelikethishubbard.jpg */,
				F5EF48B81D8B8C8F00388199 /* lumberlacewards.docx */,
				F5EF48B91D8B8C8F00388199 /* lumberlacewards.jpg */,
			);
			path = DOCX;
			sourceTree = "<group>";
		};
		F5EF48BA1D8B8C8F00388199 /* HTML */ = {
			isa = PBXGroup;
			children = (
				F5EF48BB1D8B8C8F00388199 /* Lập trình iOS Objective-C.html */,
				F5EF48BC1D8B8C8F00388199 /* Lập trình iOS Objective-C.jpg */,
			);
			path = HTML;
			sourceTree = "<group>";
		};
		F5EF48BE1D8B8C8F00388199 /* PDF */ = {
			isa = PBXGroup;
			children = (
				F5EF48BF1D8B8C8F00388199 /* abrieferhistory.jpg */,
				F5EF48C01D8B8C8F00388199 /* abrieferhistory.pdf */,
				F5EF48C11D8B8C8F00388199 /* aspoofonsexdonwireman.jpg */,
				F5EF48C21D8B8C8F00388199 /* aspoofonsexdonwireman.pdf */,
				F5EF48C31D8B8C8F00388199 /* barrysworldjenvey.jpg */,
				F5EF48C41D8B8C8F00388199 /* barrysworldjenvey.pdf */,
				F5EF48C51D8B8C8F00388199 /* foreigneduwilliam.jpg */,
				F5EF48C61D8B8C8F00388199 /* foreigneduwilliam.pdf */,
				F5EF48C71D8B8C8F00388199 /* gonewithtrash.jpg */,
				F5EF48C81D8B8C8F00388199 /* gonewithtrash.pdf */,
				F5EF48C91D8B8C8F00388199 /* gospelbuckydennis.jpg */,
				F5EF48CA1D8B8C8F00388199 /* gospelbuckydennis.pdf */,
				F5EF48CB1D8B8C8F00388199 /* oddjobsbowling.jpg */,
				F5EF48CC1D8B8C8F00388199 /* oddjobsbowling.pdf */,
				F5EF48CD1D8B8C8F00388199 /* oneclownshortwright.jpg */,
				F5EF48CE1D8B8C8F00388199 /* oneclownshortwright.pdf */,
				F5EF48CF1D8B8C8F00388199 /* questingromana.jpg */,
				F5EF48D01D8B8C8F00388199 /* questingromana.pdf */,
				F5EF48D11D8B8C8F00388199 /* thedistancetravelled.jpg */,
				F5EF48D21D8B8C8F00388199 /* thedistancetravelled.pdf */,
			);
			path = PDF;
			sourceTree = "<group>";
		};
		F5EF48F91D8B8D2600388199 /* ICONS */ = {
			isa = PBXGroup;
			children = (
				F5EF49091D8BE92F00388199 /* back.png */,
				F5EF490A1D8BE92F00388199 /* forward.png */,
				F5EF490B1D8BE92F00388199 /* reload.png */,
				F5EF48AE1D8B8C8F00388199 /* doc.png */,
				F5EF48BD1D8B8C8F00388199 /* html.png */,
				F5EF48D31D8B8C8F00388199 /* pdf.png */,
				F5EF48D41D8B8C8F00388199 /* web.png */,
			);
			name = ICONS;
			sourceTree = "<group>";
		};
		F5EF48FA1D8B901500388199 /* Home */ = {
			isa = PBXGroup;
			children = (
				F5EF48FB1D8B905200388199 /* ACellBook.swift */,
				F5EF48AB1D8B8B3A00388199 /* ViewBooks.swift */,
				F5EF48FD1D8BA39B00388199 /* DetailBooks.swift */,
			);
			name = Home;
			sourceTree = "<group>";
		};
		F5EF49001D8BB1E400388199 /* LoadURL */ = {
			isa = PBXGroup;
			children = (
				F5EF49011D8BB20C00388199 /* LoadURL.swift */,
			);
			name = LoadURL;
			sourceTree = "<group>";
		};
/* End PBXGroup section */

/* Begin PBXNativeTarget section */
		F5EF48951D8B899C00388199 /* DemoUIWebView */ = {
			isa = PBXNativeTarget;
			buildConfigurationList = F5EF48A81D8B899C00388199 /* Build configuration list for PBXNativeTarget "DemoUIWebView" */;
			buildPhases = (
				F5EF48921D8B899C00388199 /* Sources */,
				F5EF48931D8B899C00388199 /* Frameworks */,
				F5EF48941D8B899C00388199 /* Resources */,
			);
			buildRules = (
			);
			dependencies = (
			);
			name = DemoUIWebView;
			productName = DemoUIWebView;
			productReference = F5EF48961D8B899C00388199 /* DemoUIWebView.app */;
			productType = "com.apple.product-type.application";
		};
/* End PBXNativeTarget section */

/* Begin PBXProject section */
		F5EF488E1D8B899C00388199 /* Project object */ = {
			isa = PBXProject;
			attributes = {
				LastSwiftUpdateCheck = 0730;
				LastUpgradeCheck = 0730;
				ORGANIZATIONNAME = "Hoàng Minh Thành";
				TargetAttributes = {
					F5EF48951D8B899C00388199 = {
						CreatedOnToolsVersion = 7.3.1;
					};
				};
			};
			buildConfigurationList = F5EF48911D8B899C00388199 /* Build configuration list for PBXProject "DemoUIWebView" */;
			compatibilityVersion = "Xcode 3.2";
			developmentRegion = English;
			hasScannedForEncodings = 0;
			knownRegions = (
				en,
				Base,
			);
			mainGroup = F5EF488D1D8B899C00388199;
			productRefGroup = F5EF48971D8B899C00388199 /* Products */;
			projectDirPath = "";
			projectRoot = "";
			targets = (
				F5EF48951D8B899C00388199 /* DemoUIWebView */,
			);
		};
/* End PBXProject section */

/* Begin PBXResourcesBuildPhase section */
		F5EF48941D8B899C00388199 /* Resources */ = {
			isa = PBXResourcesBuildPhase;
			buildActionMask = 2147483647;
			files = (
				F5EF48E21D8B8C8F00388199 /* html.png in Resources */,
				F5EF48D61D8B8C8F00388199 /* coexistcrane.docx in Resources */,
				F5EF48D71D8B8C8F00388199 /* coexistcrane.jpg in Resources */,
				F5EF48E91D8B8C8F00388199 /* foreigneduwilliam.jpg in Resources */,
				F5EF490D1D8BE92F00388199 /* forward.png in Resources */,
				F5EF48F21D8B8C8F00388199 /* oneclownshortwright.pdf in Resources */,
				F5EF48E81D8B8C8F00388199 /* barrysworldjenvey.pdf in Resources */,
				F5EF48E41D8B8C8F00388199 /* abrieferhistory.pdf in Resources */,
				F5EF48EE1D8B8C8F00388199 /* gospelbuckydennis.pdf in Resources */,
				F5EF48D51D8B8C8F00388199 /* doc.png in Resources */,
				F5EF48DF1D8B8C8F00388199 /* lumberlacewards.jpg in Resources */,
				F5EF48E71D8B8C8F00388199 /* barrysworldjenvey.jpg in Resources */,
				F5EF48ED1D8B8C8F00388199 /* gospelbuckydennis.jpg in Resources */,
				F5EF48DC1D8B8C8F00388199 /* lovelikethishubbard.docx in Resources */,
				F5EF48F61D8B8C8F00388199 /* thedistancetravelled.pdf in Resources */,
				F5EF48DE1D8B8C8F00388199 /* lumberlacewards.docx in Resources */,
				F5EF48F51D8B8C8F00388199 /* thedistancetravelled.jpg in Resources */,
				F5EF48D81D8B8C8F00388199 /* darkkisssylviaday.docx in Resources */,
				F5EF48F31D8B8C8F00388199 /* questingromana.jpg in Resources */,
				F5EF48F81D8B8C8F00388199 /* web.png in Resources */,
				F5EF48E51D8B8C8F00388199 /* aspoofonsexdonwireman.jpg in Resources */,
				F5EF48DA1D8B8C8F00388199 /* isthislove.docx in Resources */,
				F5EF48F11D8B8C8F00388199 /* oneclownshortwright.jpg in Resources */,
				F5EF48EC1D8B8C8F00388199 /* gonewithtrash.pdf in Resources */,
				F5EF48E11D8B8C8F00388199 /* Lập trình iOS Objective-C.jpg in Resources */,
				F5EF48EB1D8B8C8F00388199 /* gonewithtrash.jpg in Resources */,
				F5EF48F71D8B8C8F00388199 /* pdf.png in Resources */,
				F5EF48EA1D8B8C8F00388199 /* foreigneduwilliam.pdf in Resources */,
				F5EF48A41D8B899C00388199 /* LaunchScreen.storyboard in Resources */,
				F5EF48E01D8B8C8F00388199 /* Lập trình iOS Objective-C.html in Resources */,
				F5EF48A11D8B899C00388199 /* Assets.xcassets in Resources */,
				F5EF48F01D8B8C8F00388199 /* oddjobsbowling.pdf in Resources */,
				F5EF48F41D8B8C8F00388199 /* questingromana.pdf in Resources */,
				F5EF48D91D8B8C8F00388199 /* darkkisssylviaday.jpg in Resources */,
				F5EF490E1D8BE92F00388199 /* reload.png in Resources */,
				F5EF48E61D8B8C8F00388199 /* aspoofonsexdonwireman.pdf in Resources */,
				F5EF48DD1D8B8C8F00388199 /* lovelikethishubbard.jpg in Resources */,
				F5EF489F1D8B899C00388199 /* Main.storyboard in Resources */,
				F5EF490C1D8BE92F00388199 /* back.png in Resources */,
				F5EF48E31D8B8C8F00388199 /* abrieferhistory.jpg in Resources */,
				F5EF48EF1D8B8C8F00388199 /* oddjobsbowling.jpg in Resources */,
				F5EF48DB1D8B8C8F00388199 /* isthislove.jpg in Resources */,
			);
			runOnlyForDeploymentPostprocessing = 0;
		};
/* End PBXResourcesBuildPhase section */

/* Begin PBXSourcesBuildPhase section */
		F5EF48921D8B899C00388199 /* Sources */ = {
			isa = PBXSourcesBuildPhase;
			buildActionMask = 2147483647;
			files = (
				F5EF48AC1D8B8B3A00388199 /* ViewBooks.swift in Sources */,
				F5EF48FC1D8B905200388199 /* ACellBook.swift in Sources */,
				F5EF49021D8BB20C00388199 /* LoadURL.swift in Sources */,
				F5EF48FE1D8BA39B00388199 /* DetailBooks.swift in Sources */,
				F5EF489A1D8B899C00388199 /* AppDelegate.swift in Sources */,
			);
			runOnlyForDeploymentPostprocessing = 0;
		};
/* End PBXSourcesBuildPhase section */

/* Begin PBXVariantGroup section */
		F5EF489D1D8B899C00388199 /* Main.storyboard */ = {
			isa = PBXVariantGroup;
			children = (
				F5EF489E1D8B899C00388199 /* Base */,
			);
			name = Main.storyboard;
			sourceTree = "<group>";
		};
		F5EF48A21D8B899C00388199 /* LaunchScreen.storyboard */ = {
			isa = PBXVariantGroup;
			children = (
				F5EF48A31D8B899C00388199 /* Base */,
			);
			name = LaunchScreen.storyboard;
			sourceTree = "<group>";
		};
/* End PBXVariantGroup section */

/* Begin XCBuildConfiguration section */
		F5EF48A61D8B899C00388199 /* Debug */ = {
			isa = XCBuildConfiguration;
			buildSettings = {
				ALWAYS_SEARCH_USER_PATHS = NO;
				CLANG_ANALYZER_NONNULL = YES;
				CLANG_CXX_LANGUAGE_STANDARD = "gnu++0x";
				CLANG_CXX_LIBRARY = "libc++";
				CLANG_ENABLE_MODULES = YES;
				CLANG_ENABLE_OBJC_ARC = YES;
				CLANG_WARN_BOOL_CONVERSION = YES;
				CLANG_WARN_CONSTANT_CONVERSION = YES;
				CLANG_WARN_DIRECT_OBJC_ISA_USAGE = YES_ERROR;
				CLANG_WARN_EMPTY_BODY = YES;
				CLANG_WARN_ENUM_CONVERSION = YES;
				CLANG_WARN_INT_CONVERSION = YES;
				CLANG_WARN_OBJC_ROOT_CLASS = YES_ERROR;
				CLANG_WARN_UNREACHABLE_CODE = YES;
				CLANG_WARN__DUPLICATE_METHOD_MATCH = YES;
				"CODE_SIGN_IDENTITY[sdk=iphoneos*]" = "iPhone Developer";
				COPY_PHASE_STRIP = NO;
				DEBUG_INFORMATION_FORMAT = dwarf;
				ENABLE_STRICT_OBJC_MSGSEND = YES;
				ENABLE_TESTABILITY = YES;
				GCC_C_LANGUAGE_STANDARD = gnu99;
				GCC_DYNAMIC_NO_PIC = NO;
				GCC_NO_COMMON_BLOCKS = YES;
				GCC_OPTIMIZATION_LEVEL = 0;
				GCC_PREPROCESSOR_DEFINITIONS = (
					"DEBUG=1",
					"$(inherited)",
				);
				GCC_WARN_64_TO_32_BIT_CONVERSION = YES;
				GCC_WARN_ABOUT_RETURN_TYPE = YES_ERROR;
				GCC_WARN_UNDECLARED_SELECTOR = YES;
				GCC_WARN_UNINITIALIZED_AUTOS = YES_AGGRESSIVE;
				GCC_WARN_UNUSED_FUNCTION = YES;
				GCC_WARN_UNUSED_VARIABLE = YES;
				IPHONEOS_DEPLOYMENT_TARGET = 9.3;
				MTL_ENABLE_DEBUG_INFO = YES;
				ONLY_ACTIVE_ARCH = YES;
				SDKROOT = iphoneos;
				SWIFT_OPTIMIZATION_LEVEL = "-Onone";
				TARGETED_DEVICE_FAMILY = "1,2";
			};
			name = Debug;
		};
		F5EF48A71D8B899C00388199 /* Release */ = {
			isa = XCBuildConfiguration;
			buildSettings = {
				ALWAYS_SEARCH_USER_PATHS = NO;
				CLANG_ANALYZER_NONNULL = YES;
				CLANG_CXX_LANGUAGE_STANDARD = "gnu++0x";
				CLANG_CXX_LIBRARY = "libc++";
				CLANG_ENABLE_MODULES = YES;
				CLANG_ENABLE_OBJC_ARC = YES;
				CLANG_WARN_BOOL_CONVERSION = YES;
				CLANG_WARN_CONSTANT_CONVERSION = YES;
				CLANG_WARN_DIRECT_OBJC_ISA_USAGE = YES_ERROR;
				CLANG_WARN_EMPTY_BODY = YES;
				CLANG_WARN_ENUM_CONVERSION = YES;
				CLANG_WARN_INT_CONVERSION = YES;
				CLANG_WARN_OBJC_ROOT_CLASS = YES_ERROR;
				CLANG_WARN_UNREACHABLE_CODE = YES;
				CLANG_WARN__DUPLICATE_METHOD_MATCH = YES;
				"CODE_SIGN_IDENTITY[sdk=iphoneos*]" = "iPhone Developer";
				COPY_PHASE_STRIP = NO;
				DEBUG_INFORMATION_FORMAT = "dwarf-with-dsym";
				ENABLE_NS_ASSERTIONS = NO;
				ENABLE_STRICT_OBJC_MSGSEND = YES;
				GCC_C_LANGUAGE_STANDARD = gnu99;
				GCC_NO_COMMON_BLOCKS = YES;
				GCC_WARN_64_TO_32_BIT_CONVERSION = YES;
				GCC_WARN_ABOUT_RETURN_TYPE = YES_ERROR;
				GCC_WARN_UNDECLARED_SELECTOR = YES;
				GCC_WARN_UNINITIALIZED_AUTOS = YES_AGGRESSIVE;
				GCC_WARN_UNUSED_FUNCTION = YES;
				GCC_WARN_UNUSED_VARIABLE = YES;
				IPHONEOS_DEPLOYMENT_TARGET = 9.3;
				MTL_ENABLE_DEBUG_INFO = NO;
				SDKROOT = iphoneos;
				TARGETED_DEVICE_FAMILY = "1,2";
				VALIDATE_PRODUCT = YES;
			};
			name = Release;
		};
		F5EF48A91D8B899C00388199 /* Debug */ = {
			isa = XCBuildConfiguration;
			buildSettings = {
				ASSETCATALOG_COMPILER_APPICON_NAME = AppIcon;
				INFOPLIST_FILE = DemoUIWebView/Info.plist;
				LD_RUNPATH_SEARCH_PATHS = "$(inherited) @executable_path/Frameworks";
				PRODUCT_BUNDLE_IDENTIFIER = hoangminhthanh.DemoUIWebView;
				PRODUCT_NAME = "$(TARGET_NAME)";
			};
			name = Debug;
		};
		F5EF48AA1D8B899C00388199 /* Release */ = {
			isa = XCBuildConfiguration;
			buildSettings = {
				ASSETCATALOG_COMPILER_APPICON_NAME = AppIcon;
				INFOPLIST_FILE = DemoUIWebView/Info.plist;
				LD_RUNPATH_SEARCH_PATHS = "$(inherited) @executable_path/Frameworks";
				PRODUCT_BUNDLE_IDENTIFIER = hoangminhthanh.DemoUIWebView;
				PRODUCT_NAME = "$(TARGET_NAME)";
			};
			name = Release;
		};
/* End XCBuildConfiguration section */

/* Begin XCConfigurationList section */
		F5EF48911D8B899C00388199 /* Build configuration list for PBXProject "DemoUIWebView" */ = {
			isa = XCConfigurationList;
			buildConfigurations = (
				F5EF48A61D8B899C00388199 /* Debug */,
				F5EF48A71D8B899C00388199 /* Release */,
			);
			defaultConfigurationIsVisible = 0;
			defaultConfigurationName = Release;
		};
		F5EF48A81D8B899C00388199 /* Build configuration list for PBXNativeTarget "DemoUIWebView" */ = {
			isa = XCConfigurationList;
			buildConfigurations = (
				F5EF48A91D8B899C00388199 /* Debug */,
				F5EF48AA1D8B899C00388199 /* Release */,
			);
			defaultConfigurationIsVisible = 0;
		};
/* End XCConfigurationList section */
	};
	rootObject = F5EF488E1D8B899C00388199 /* Project object */;
}
