// !$*UTF8*$!
{
	archiveVersion = 1;
	classes = {
	};
	objectVersion = 46;
	objects = {

/* Begin PBXBuildFile section */
		F5EF489A1D8B899C00388199 /* AppDelegate.swift in Sources */ = {isa = PBXBuildFile; fileRef = F5EF48991D8B899C00388199 /* AppDelegate.swift */; };
		F5EF489C1D8B899C00388199 /* ViewController.swift in Sources */ = {isa = PBXBuildFile; fileRef = F5EF489B1D8B899C00388199 /* ViewController.swift */; };
		F5EF489F1D8B899C00388199 /* Main.storyboard in Resources */ = {isa = PBXBuildFile; fileRef = F5EF489D1D8B899C00388199 /* Main.storyboard */; };
		F5EF48A11D8B899C00388199 /* Assets.xcassets in Resources */ = {isa = PBXBuildFile; fileRef = F5EF48A01D8B899C00388199 /* Assets.xcassets */; };
		F5EF48A41D8B899C00388199 /* LaunchScreen.storyboard in Resources */ = {isa = PBXBuildFile; fileRef = F5EF48A21D8B899C00388199 /* LaunchScreen.storyboard */; };
/* End PBXBuildFile section */

/* Begin PBXFileReference section */
		F5EF48961D8B899C00388199 /* DemoUIWebView.app */ = {isa = PBXFileReference; explicitFileType = wrapper.application; includeInIndex = 0; path = DemoUIWebView.app; sourceTree = BUILT_PRODUCTS_DIR; };
		F5EF48991D8B899C00388199 /* AppDelegate.swift */ = {isa = PBXFileReference; lastKnownFileType = sourcecode.swift; path = AppDelegate.swift; sourceTree = "<group>"; };
		F5EF489B1D8B899C00388199 /* ViewController.swift */ = {isa = PBXFileReference; lastKnownFileType = sourcecode.swift; path = ViewController.swift; sourceTree = "<group>"; };
		F5EF489E1D8B899C00388199 /* Base */ = {isa = PBXFileReference; lastKnownFileType = file.storyboard; name = Base; path = Base.lproj/Main.storyboard; sourceTree = "<group>"; };
		F5EF48A01D8B899C00388199 /* Assets.xcassets */ = {isa = PBXFileReference; lastKnownFileType = folder.assetcatalog; path = Assets.xcassets; sourceTree = "<group>"; };
		F5EF48A31D8B899C00388199 /* Base */ = {isa = PBXFileReference; lastKnownFileType = file.storyboard; name = Base; path = Base.lproj/LaunchScreen.storyboard; sourceTree = "<group>"; };
		F5EF48A51D8B899C00388199 /* Info.plist */ = {isa = PBXFileReference; lastKnownFileType = text.plist.xml; path = Info.plist; sourceTree = "<group>"; };
/* End PBXFileReference section */

/* Begin PBXFrameworksBuildPhase section */
		F5EF48931D8B899C00388199 /* Frameworks */ = {
			isa = PBXFrameworksBuildPhase;
			buildActionMask = 2147483647;
			files = (
			);
			runOnlyForDeploymentPostprocessing = 0;
		};
/* End PBXFrameworksBuildPhase section */

/* Begin PBXGroup section */
		F5EF488D1D8B899C00388199 = {
			isa = PBXGroup;
			children = (
				F5EF48981D8B899C00388199 /* DemoUIWebView */,
				F5EF48971D8B899C00388199 /* Products */,
			);
			sourceTree = "<group>";
		};
		F5EF48971D8B899C00388199 /* Products */ = {
			isa = PBXGroup;
			children = (
				F5EF48961D8B899C00388199 /* DemoUIWebView.app */,
			);
			name = Products;
			sourceTree = "<group>";
		};
		F5EF48981D8B899C00388199 /* DemoUIWebView */ = {
			isa = PBXGroup;
			children = (
				F5EF48991D8B899C00388199 /* AppDelegate.swift */,
				F5EF489B1D8B899C00388199 /* ViewController.swift */,
				F5EF489D1D8B899C00388199 /* Main.storyboard */,
				F5EF48A01D8B899C00388199 /* Assets.xcassets */,
				F5EF48A21D8B899C00388199 /* LaunchScreen.storyboard */,
				F5EF48A51D8B899C00388199 /* Info.plist */,
			);
			path = DemoUIWebView;
			sourceTree = "<group>";
		};
/* End PBXGroup section */

/* Begin PBXNativeTarget section */
		F5EF48951D8B899C00388199 /* DemoUIWebView */ = {
			isa = PBXNativeTarget;
			buildConfigurationList = F5EF48A81D8B899C00388199 /* Build configuration list for PBXNativeTarget "DemoUIWebView" */;
			buildPhases = (
				F5EF48921D8B899C00388199 /* Sources */,
				F5EF48931D8B899C00388199 /* Frameworks */,
				F5EF48941D8B899C00388199 /* Resources */,
			);
			buildRules = (
			);
			dependencies = (
			);
			name = DemoUIWebView;
			productName = DemoUIWebView;
			productReference = F5EF48961D8B899C00388199 /* DemoUIWebView.app */;
			productType = "com.apple.product-type.application";
		};
/* End PBXNativeTarget section */

/* Begin PBXProject section */
		F5EF488E1D8B899C00388199 /* Project object */ = {
			isa = PBXProject;
			attributes = {
				LastSwiftUpdateCheck = 0730;
				LastUpgradeCheck = 0730;
				ORGANIZATIONNAME = "Hoàng Minh Thành";
				TargetAttributes = {
					F5EF48951D8B899C00388199 = {
						CreatedOnToolsVersion = 7.3.1;
					};
				};
			};
			buildConfigurationList = F5EF48911D8B899C00388199 /* Build configuration list for PBXProject "DemoUIWebView" */;
			compatibilityVersion = "Xcode 3.2";
			developmentRegion = English;
			hasScannedForEncodings = 0;
			knownRegions = (
				en,
				Base,
			);
			mainGroup = F5EF488D1D8B899C00388199;
			productRefGroup = F5EF48971D8B899C00388199 /* Products */;
			projectDirPath = "";
			projectRoot = "";
			targets = (
				F5EF48951D8B899C00388199 /* DemoUIWebView */,
			);
		};
/* End PBXProject section */

/* Begin PBXResourcesBuildPhase section */
		F5EF48941D8B899C00388199 /* Resources */ = {
			isa = PBXResourcesBuildPhase;
			buildActionMask = 2147483647;
			files = (
				F5EF48A41D8B899C00388199 /* LaunchScreen.storyboard in Resources */,
				F5EF48A11D8B899C00388199 /* Assets.xcassets in Resources */,
				F5EF489F1D8B899C00388199 /* Main.storyboard in Resources */,
			);
			runOnlyForDeploymentPostprocessing = 0;
		};
/* End PBXResourcesBuildPhase section */

/* Begin PBXSourcesBuildPhase section */
		F5EF48921D8B899C00388199 /* Sources */ = {
			isa = PBXSourcesBuildPhase;
			buildActionMask = 2147483647;
			files = (
				F5EF489C1D8B899C00388199 /* ViewController.swift in Sources */,
				F5EF489A1D8B899C00388199 /* AppDelegate.swift in Sources */,
			);
			runOnlyForDeploymentPostprocessing = 0;
		};
/* End PBXSourcesBuildPhase section */

/* Begin PBXVariantGroup section */
		F5EF489D1D8B899C00388199 /* Main.storyboard */ = {
			isa = PBXVariantGroup;
			children = (
				F5EF489E1D8B899C00388199 /* Base */,
			);
			name = Main.storyboard;
			sourceTree = "<group>";
		};
		F5EF48A21D8B899C00388199 /* LaunchScreen.storyboard */ = {
			isa = PBXVariantGroup;
			children = (
				F5EF48A31D8B899C00388199 /* Base */,
			);
			name = LaunchScreen.storyboard;
			sourceTree = "<group>";
		};
/* End PBXVariantGroup section */

/* Begin XCBuildConfiguration section */
		F5EF48A61D8B899C00388199 /* Debug */ = {
			isa = XCBuildConfiguration;
			buildSettings = {
				ALWAYS_SEARCH_USER_PATHS = NO;
				CLANG_ANALYZER_NONNULL = YES;
				CLANG_CXX_LANGUAGE_STANDARD = "gnu++0x";
				CLANG_CXX_LIBRARY = "libc++";
				CLANG_ENABLE_MODULES = YES;
				CLANG_ENABLE_OBJC_ARC = YES;
				CLANG_WARN_BOOL_CONVERSION = YES;
				CLANG_WARN_CONSTANT_CONVERSION = YES;
				CLANG_WARN_DIRECT_OBJC_ISA_USAGE = YES_ERROR;
				CLANG_WARN_EMPTY_BODY = YES;
				CLANG_WARN_ENUM_CONVERSION = YES;
				CLANG_WARN_INT_CONVERSION = YES;
				CLANG_WARN_OBJC_ROOT_CLASS = YES_ERROR;
				CLANG_WARN_UNREACHABLE_CODE = YES;
				CLANG_WARN__DUPLICATE_METHOD_MATCH = YES;
				"CODE_SIGN_IDENTITY[sdk=iphoneos*]" = "iPhone Developer";
				COPY_PHASE_STRIP = NO;
				DEBUG_INFORMATION_FORMAT = dwarf;
				ENABLE_STRICT_OBJC_MSGSEND = YES;
				ENABLE_TESTABILITY = YES;
				GCC_C_LANGUAGE_STANDARD = gnu99;
				GCC_DYNAMIC_NO_PIC = NO;
				GCC_NO_COMMON_BLOCKS = YES;
				GCC_OPTIMIZATION_LEVEL = 0;
				GCC_PREPROCESSOR_DEFINITIONS = (
					"DEBUG=1",
					"$(inherited)",
				);
				GCC_WARN_64_TO_32_BIT_CONVERSION = YES;
				GCC_WARN_ABOUT_RETURN_TYPE = YES_ERROR;
				GCC_WARN_UNDECLARED_SELECTOR = YES;
				GCC_WARN_UNINITIALIZED_AUTOS = YES_AGGRESSIVE;
				GCC_WARN_UNUSED_FUNCTION = YES;
				GCC_WARN_UNUSED_VARIABLE = YES;
				IPHONEOS_DEPLOYMENT_TARGET = 9.3;
				MTL_ENABLE_DEBUG_INFO = YES;
				ONLY_ACTIVE_ARCH = YES;
				SDKROOT = iphoneos;
				SWIFT_OPTIMIZATION_LEVEL = "-Onone";
				TARGETED_DEVICE_FAMILY = "1,2";
			};
			name = Debug;
		};
		F5EF48A71D8B899C00388199 /* Release */ = {
			isa = XCBuildConfiguration;
			buildSettings = {
				ALWAYS_SEARCH_USER_PATHS = NO;
				CLANG_ANALYZER_NONNULL = YES;
				CLANG_CXX_LANGUAGE_STANDARD = "gnu++0x";
				CLANG_CXX_LIBRARY = "libc++";
				CLANG_ENABLE_MODULES = YES;
				CLANG_ENABLE_OBJC_ARC = YES;
				CLANG_WARN_BOOL_CONVERSION = YES;
				CLANG_WARN_CONSTANT_CONVERSION = YES;
				CLANG_WARN_DIRECT_OBJC_ISA_USAGE = YES_ERROR;
				CLANG_WARN_EMPTY_BODY = YES;
				CLANG_WARN_ENUM_CONVERSION = YES;
				CLANG_WARN_INT_CONVERSION = YES;
				CLANG_WARN_OBJC_ROOT_CLASS = YES_ERROR;
				CLANG_WARN_UNREACHABLE_CODE = YES;
				CLANG_WARN__DUPLICATE_METHOD_MATCH = YES;
				"CODE_SIGN_IDENTITY[sdk=iphoneos*]" = "iPhone Developer";
				COPY_PHASE_STRIP = NO;
				DEBUG_INFORMATION_FORMAT = "dwarf-with-dsym";
				ENABLE_NS_ASSERTIONS = NO;
				ENABLE_STRICT_OBJC_MSGSEND = YES;
				GCC_C_LANGUAGE_STANDARD = gnu99;
				GCC_NO_COMMON_BLOCKS = YES;
				GCC_WARN_64_TO_32_BIT_CONVERSION = YES;
				GCC_WARN_ABOUT_RETURN_TYPE = YES_ERROR;
				GCC_WARN_UNDECLARED_SELECTOR = YES;
				GCC_WARN_UNINITIALIZED_AUTOS = YES_AGGRESSIVE;
				GCC_WARN_UNUSED_FUNCTION = YES;
				GCC_WARN_UNUSED_VARIABLE = YES;
				IPHONEOS_DEPLOYMENT_TARGET = 9.3;
				MTL_ENABLE_DEBUG_INFO = NO;
				SDKROOT = iphoneos;
				TARGETED_DEVICE_FAMILY = "1,2";
				VALIDATE_PRODUCT = YES;
			};
			name = Release;
		};
		F5EF48A91D8B899C00388199 /* Debug */ = {
			isa = XCBuildConfiguration;
			buildSettings = {
				ASSETCATALOG_COMPILER_APPICON_NAME = AppIcon;
				INFOPLIST_FILE = DemoUIWebView/Info.plist;
				LD_RUNPATH_SEARCH_PATHS = "$(inherited) @executable_path/Frameworks";
				PRODUCT_BUNDLE_IDENTIFIER = hoangminhthanh.DemoUIWebView;
				PRODUCT_NAME = "$(TARGET_NAME)";
			};
			name = Debug;
		};
		F5EF48AA1D8B899C00388199 /* Release */ = {
			isa = XCBuildConfiguration;
			buildSettings = {
				ASSETCATALOG_COMPILER_APPICON_NAME = AppIcon;
				INFOPLIST_FILE = DemoUIWebView/Info.plist;
				LD_RUNPATH_SEARCH_PATHS = "$(inherited) @executable_path/Frameworks";
				PRODUCT_BUNDLE_IDENTIFIER = hoangminhthanh.DemoUIWebView;
				PRODUCT_NAME = "$(TARGET_NAME)";
			};
			name = Release;
		};
/* End XCBuildConfiguration section */

/* Begin XCConfigurationList section */
		F5EF48911D8B899C00388199 /* Build configuration list for PBXProject "DemoUIWebView" */ = {
			isa = XCConfigurationList;
			buildConfigurations = (
				F5EF48A61D8B899C00388199 /* Debug */,
				F5EF48A71D8B899C00388199 /* Release */,
			);
			defaultConfigurationIsVisible = 0;
			defaultConfigurationName = Release;
		};
		F5EF48A81D8B899C00388199 /* Build configuration list for PBXNativeTarget "DemoUIWebView" */ = {
			isa = XCConfigurationList;
			buildConfigurations = (
				F5EF48A91D8B899C00388199 /* Debug */,
				F5EF48AA1D8B899C00388199 /* Release */,
			);
			defaultConfigurationIsVisible = 0;
		};
/* End XCConfigurationList section */
	};
	rootObject = F5EF488E1D8B899C00388199 /* Project object */;
}
